schema: '2.0'
stages:
  prepare:
    cmd: python src/prepare.py data/data.xml
    deps:
    - path: data/data.xml
      hash: md5
      md5: 22a1a2931c8370d3aeedd7183606fd7f
      size: 14445097
    - path: src/prepare.py
      hash: md5
      md5: 1239daff3efb36473ecab90531878a7e
      size: 2324
    params:
      params.yaml:
        prepare.seed: 20170428
        prepare.split: 0.2
    outs:
    - path: data/prepared
      hash: md5
      md5: c7333f9e0b69161b834e9b4917e4bd9b.dir
      size: 8447363
      nfiles: 2
  featurize:
    cmd: python src/featurization.py data/prepared data/features
    deps:
    - path: data/prepared
      hash: md5
      md5: c7333f9e0b69161b834e9b4917e4bd9b.dir
      size: 8447363
      nfiles: 2
    - path: src/featurization.py
      hash: md5
      md5: 0b39b0b9674f4acfc6f86893328ca04a
      size: 4294
    params:
      params.yaml:
        featurize.max_features: 300
        featurize.ngrams: 2
    outs:
    - path: data/features
      hash: md5
      md5: 5a04ed36f17a49d4067636cb1f2f48ee.dir
      size: 2629300
      nfiles: 2
  train:
    cmd: python src/train.py data/features model.pkl
    deps:
    - path: data/features
      hash: md5
      md5: 5a04ed36f17a49d4067636cb1f2f48ee.dir
      size: 2629300
      nfiles: 2
    - path: src/train.py
      hash: md5
      md5: 71c70dbf6257cec4fea955eaf1340660
      size: 1731
    params:
      params.yaml:
        train.min_split: 0.01
        train.n_est: 50
        train.seed: 20170428
    outs:
    - path: model.pkl
      hash: md5
      md5: 6b8c9f6e1fd8fd0596f98cf8dcb68e21
      size: 1940398
  evaluate:
    cmd: python src/evaluate.py model.pkl data/features
    deps:
    - path: data/features
      hash: md5
      md5: 5a04ed36f17a49d4067636cb1f2f48ee.dir
      size: 2629300
      nfiles: 2
    - path: model.pkl
      hash: md5
      md5: 6b8c9f6e1fd8fd0596f98cf8dcb68e21
      size: 1940398
    - path: src/evaluate.py
      hash: md5
      md5: aedf9423463d44f5e3909f52c6a4a1be
      size: 3427
    outs:
    - path: eval
      hash: md5
      md5: b3bb361a871a2f438ab62414edb077f6.dir
      size: 1320414
      nfiles: 8
